// !$*UTF8*$!
{
	archiveVersion = 1;
	classes = {
	};
	objectVersion = 52;
	objects = {

/* Begin PBXBuildFile section */
		BF13CA3E25D4736B00E3BF39 /* Firebase in Frameworks */ = {isa = PBXBuildFile; productRef = BF13CA3D25D4736B00E3BF39 /* Firebase */; };
		BF1C1E3725C3F31200FA7EEA /* GoogleService-Info.plist in Resources */ = {isa = PBXBuildFile; fileRef = BF1C1E3325C3F23300FA7EEA /* GoogleService-Info.plist */; };
		BF61B4CE25812D5F0033ACBC /* VoirCam.swift in Sources */ = {isa = PBXBuildFile; fileRef = BF61B4CD25812D5F0033ACBC /* VoirCam.swift */; };
		BF61B4D025812D600033ACBC /* Assets.xcassets in Resources */ = {isa = PBXBuildFile; fileRef = BF61B4CF25812D600033ACBC /* Assets.xcassets */; };
		BF61B4D325812D600033ACBC /* Preview Assets.xcassets in Resources */ = {isa = PBXBuildFile; fileRef = BF61B4D225812D600033ACBC /* Preview Assets.xcassets */; };
		BF61B4D625812D600033ACBC /* LaunchScreen.storyboard in Resources */ = {isa = PBXBuildFile; fileRef = BF61B4D425812D600033ACBC /* LaunchScreen.storyboard */; };
		BF8F3BD125CC6B2200E2FCAC /* StoreKit.framework in Frameworks */ = {isa = PBXBuildFile; fileRef = BF673C1125C493C500033156 /* StoreKit.framework */; };
		BFCB23D125D1E1FB00A6C5CA /* Root in Frameworks */ = {isa = PBXBuildFile; productRef = BFCB23D025D1E1FB00A6C5CA /* Root */; };
/* End PBXBuildFile section */

/* Begin PBXFileReference section */
		BF13CA3B25D4731B00E3BF39 /* Profile */ = {isa = PBXFileReference; lastKnownFileType = folder; path = Profile; sourceTree = "<group>"; };
		BF1C1E3325C3F23300FA7EEA /* GoogleService-Info.plist */ = {isa = PBXFileReference; lastKnownFileType = text.plist.xml; path = "GoogleService-Info.plist"; sourceTree = "<group>"; };
		BF1C1E3525C3F25B00FA7EEA /* TODO.md */ = {isa = PBXFileReference; lastKnownFileType = net.daringfireball.markdown; path = TODO.md; sourceTree = "<group>"; };
		BF37660A2581752F005548BB /* VoirCam.entitlements */ = {isa = PBXFileReference; lastKnownFileType = text.plist.entitlements; path = VoirCam.entitlements; sourceTree = "<group>"; };
		BF61B4C625812D5F0033ACBC /* VoirCam.app */ = {isa = PBXFileReference; explicitFileType = wrapper.application; includeInIndex = 0; path = VoirCam.app; sourceTree = BUILT_PRODUCTS_DIR; };
		BF61B4CD25812D5F0033ACBC /* VoirCam.swift */ = {isa = PBXFileReference; lastKnownFileType = sourcecode.swift; path = VoirCam.swift; sourceTree = "<group>"; };
		BF61B4CF25812D600033ACBC /* Assets.xcassets */ = {isa = PBXFileReference; lastKnownFileType = folder.assetcatalog; path = Assets.xcassets; sourceTree = "<group>"; };
		BF61B4D225812D600033ACBC /* Preview Assets.xcassets */ = {isa = PBXFileReference; lastKnownFileType = folder.assetcatalog; path = "Preview Assets.xcassets"; sourceTree = "<group>"; };
		BF61B4D525812D600033ACBC /* Base */ = {isa = PBXFileReference; lastKnownFileType = file.storyboard; name = Base; path = Base.lproj/LaunchScreen.storyboard; sourceTree = "<group>"; };
		BF61B4D725812D600033ACBC /* Info.plist */ = {isa = PBXFileReference; lastKnownFileType = text.plist.xml; path = Info.plist; sourceTree = "<group>"; };
		BF673C1125C493C500033156 /* StoreKit.framework */ = {isa = PBXFileReference; lastKnownFileType = wrapper.framework; name = StoreKit.framework; path = System/Library/Frameworks/StoreKit.framework; sourceTree = SDKROOT; };
		BF83A90C25C72869003073EC /* Views */ = {isa = PBXFileReference; lastKnownFileType = folder; path = Views; sourceTree = "<group>"; };
		BF83A90E25C72869003073EC /* Core */ = {isa = PBXFileReference; lastKnownFileType = folder; path = Core; sourceTree = "<group>"; };
		BF83A90F25C7286A003073EC /* Onboarding */ = {isa = PBXFileReference; lastKnownFileType = folder; path = Onboarding; sourceTree = "<group>"; };
		BF83A91025C7286A003073EC /* Resources */ = {isa = PBXFileReference; lastKnownFileType = folder; path = Resources; sourceTree = "<group>"; };
		BF83A91125C7286A003073EC /* ExternalDependencies */ = {isa = PBXFileReference; lastKnownFileType = folder; path = ExternalDependencies; sourceTree = "<group>"; };
		BF83A91225C7286A003073EC /* Paywall */ = {isa = PBXFileReference; lastKnownFileType = folder; path = Paywall; sourceTree = "<group>"; };
		BF83A91825C72894003073EC /* RemoteConfiguration */ = {isa = PBXFileReference; lastKnownFileType = text; name = RemoteConfiguration; path = Modules/RemoteConfiguration; sourceTree = SOURCE_ROOT; };
		BF83A91925C72894003073EC /* InAppPurchases */ = {isa = PBXFileReference; lastKnownFileType = text; name = InAppPurchases; path = Modules/InAppPurchases; sourceTree = SOURCE_ROOT; };
		BFCB23CE25D1E0D300A6C5CA /* Root */ = {isa = PBXFileReference; lastKnownFileType = folder; path = Root; sourceTree = "<group>"; };
/* End PBXFileReference section */

/* Begin PBXFrameworksBuildPhase section */
		BF61B4C325812D5F0033ACBC /* Frameworks */ = {
			isa = PBXFrameworksBuildPhase;
			buildActionMask = 2147483647;
			files = (
				BFCB23D125D1E1FB00A6C5CA /* Root in Frameworks */,
				BF8F3BD125CC6B2200E2FCAC /* StoreKit.framework in Frameworks */,
				BF13CA3E25D4736B00E3BF39 /* Firebase in Frameworks */,
			);
			runOnlyForDeploymentPostprocessing = 0;
		};
/* End PBXFrameworksBuildPhase section */

/* Begin PBXGroup section */
		BF61B4BD25812D5E0033ACBC = {
			isa = PBXGroup;
			children = (
				BF83A78025C72848003073EC /* Modules */,
				BFCBB644258164BF00C5F71A /* Frameworks */,
				BF61B4C725812D5F0033ACBC /* Products */,
				BF61B4C825812D5F0033ACBC /* VoirCam */,
			);
			sourceTree = "<group>";
		};
		BF61B4C725812D5F0033ACBC /* Products */ = {
			isa = PBXGroup;
			children = (
				BF61B4C625812D5F0033ACBC /* VoirCam.app */,
			);
			name = Products;
			sourceTree = "<group>";
		};
		BF61B4C825812D5F0033ACBC /* VoirCam */ = {
			isa = PBXGroup;
			children = (
				BF1C1E3325C3F23300FA7EEA /* GoogleService-Info.plist */,
				BF37660A2581752F005548BB /* VoirCam.entitlements */,
				BF61B4CD25812D5F0033ACBC /* VoirCam.swift */,
				BF61B4CF25812D600033ACBC /* Assets.xcassets */,
				BF61B4D425812D600033ACBC /* LaunchScreen.storyboard */,
				BF61B4D725812D600033ACBC /* Info.plist */,
				BF61B4D125812D600033ACBC /* Preview Content */,
				BF1C1E3525C3F25B00FA7EEA /* TODO.md */,
			);
			path = VoirCam;
			sourceTree = "<group>";
		};
		BF61B4D125812D600033ACBC /* Preview Content */ = {
			isa = PBXGroup;
			children = (
				BF61B4D225812D600033ACBC /* Preview Assets.xcassets */,
			);
			path = "Preview Content";
			sourceTree = "<group>";
		};
		BF83A78025C72848003073EC /* Modules */ = {
			isa = PBXGroup;
			children = (
				BF13CA3B25D4731B00E3BF39 /* Profile */,
				BFCB23CE25D1E0D300A6C5CA /* Root */,
				BF83A90E25C72869003073EC /* Core */,
				BF83A91125C7286A003073EC /* ExternalDependencies */,
				BF83A90F25C7286A003073EC /* Onboarding */,
				BF83A91225C7286A003073EC /* Paywall */,
				BF83A91025C7286A003073EC /* Resources */,
				BF83A91725C7288A003073EC /* Services */,
				BF83A90C25C72869003073EC /* Views */,
			);
			path = Modules;
			sourceTree = "<group>";
		};
		BF83A91725C7288A003073EC /* Services */ = {
			isa = PBXGroup;
			children = (
				BF83A91925C72894003073EC /* InAppPurchases */,
				BF83A91825C72894003073EC /* RemoteConfiguration */,
			);
			path = Services;
			sourceTree = "<group>";
		};
		BFCBB644258164BF00C5F71A /* Frameworks */ = {
			isa = PBXGroup;
			children = (
				BF673C1125C493C500033156 /* StoreKit.framework */,
			);
			name = Frameworks;
			sourceTree = "<group>";
		};
/* End PBXGroup section */

/* Begin PBXNativeTarget section */
		BF61B4C525812D5F0033ACBC /* VoirCam */ = {
			isa = PBXNativeTarget;
			buildConfigurationList = BF61B4DA25812D600033ACBC /* Build configuration list for PBXNativeTarget "VoirCam" */;
			buildPhases = (
				BF61B4C225812D5F0033ACBC /* Sources */,
				BF61B4C325812D5F0033ACBC /* Frameworks */,
				BF61B4C425812D5F0033ACBC /* Resources */,
			);
			buildRules = (
			);
			dependencies = (
			);
			name = VoirCam;
			packageProductDependencies = (
				BFCB23D025D1E1FB00A6C5CA /* Root */,
				BF13CA3D25D4736B00E3BF39 /* Firebase */,
			);
			productName = VoirCam;
			productReference = BF61B4C625812D5F0033ACBC /* VoirCam.app */;
			productType = "com.apple.product-type.application";
		};
/* End PBXNativeTarget section */

/* Begin PBXProject section */
		BF61B4BE25812D5F0033ACBC /* Project object */ = {
			isa = PBXProject;
			attributes = {
				LastSwiftUpdateCheck = 1200;
				LastUpgradeCheck = 1200;
				TargetAttributes = {
					BF61B4C525812D5F0033ACBC = {
						CreatedOnToolsVersion = 12.0.1;
					};
				};
			};
			buildConfigurationList = BF61B4C125812D5F0033ACBC /* Build configuration list for PBXProject "VoirCam" */;
			compatibilityVersion = "Xcode 9.3";
			developmentRegion = en;
			hasScannedForEncodings = 0;
			knownRegions = (
				en,
				Base,
			);
			mainGroup = BF61B4BD25812D5E0033ACBC;
			productRefGroup = BF61B4C725812D5F0033ACBC /* Products */;
			projectDirPath = "";
			projectRoot = "";
			targets = (
				BF61B4C525812D5F0033ACBC /* VoirCam */,
			);
		};
/* End PBXProject section */

/* Begin PBXResourcesBuildPhase section */
		BF61B4C425812D5F0033ACBC /* Resources */ = {
			isa = PBXResourcesBuildPhase;
			buildActionMask = 2147483647;
			files = (
				BF1C1E3725C3F31200FA7EEA /* GoogleService-Info.plist in Resources */,
				BF61B4D625812D600033ACBC /* LaunchScreen.storyboard in Resources */,
				BF61B4D325812D600033ACBC /* Preview Assets.xcassets in Resources */,
				BF61B4D025812D600033ACBC /* Assets.xcassets in Resources */,
			);
			runOnlyForDeploymentPostprocessing = 0;
		};
/* End PBXResourcesBuildPhase section */

/* Begin PBXSourcesBuildPhase section */
		BF61B4C225812D5F0033ACBC /* Sources */ = {
			isa = PBXSourcesBuildPhase;
			buildActionMask = 2147483647;
			files = (
				BF61B4CE25812D5F0033ACBC /* VoirCam.swift in Sources */,
			);
			runOnlyForDeploymentPostprocessing = 0;
		};
/* End PBXSourcesBuildPhase section */

/* Begin PBXVariantGroup section */
		BF61B4D425812D600033ACBC /* LaunchScreen.storyboard */ = {
			isa = PBXVariantGroup;
			children = (
				BF61B4D525812D600033ACBC /* Base */,
			);
			name = LaunchScreen.storyboard;
			sourceTree = "<group>";
		};
/* End PBXVariantGroup section */

/* Begin XCBuildConfiguration section */
		BF61B4D825812D600033ACBC /* Debug */ = {
			isa = XCBuildConfiguration;
			buildSettings = {
				ALWAYS_SEARCH_USER_PATHS = NO;
				CLANG_ANALYZER_NONNULL = YES;
				CLANG_ANALYZER_NUMBER_OBJECT_CONVERSION = YES_AGGRESSIVE;
				CLANG_CXX_LANGUAGE_STANDARD = "gnu++14";
				CLANG_CXX_LIBRARY = "libc++";
				CLANG_ENABLE_MODULES = YES;
				CLANG_ENABLE_OBJC_ARC = YES;
				CLANG_ENABLE_OBJC_WEAK = YES;
				CLANG_WARN_BLOCK_CAPTURE_AUTORELEASING = YES;
				CLANG_WARN_BOOL_CONVERSION = YES;
				CLANG_WARN_COMMA = YES;
				CLANG_WARN_CONSTANT_CONVERSION = YES;
				CLANG_WARN_DEPRECATED_OBJC_IMPLEMENTATIONS = YES;
				CLANG_WARN_DIRECT_OBJC_ISA_USAGE = YES_ERROR;
				CLANG_WARN_DOCUMENTATION_COMMENTS = YES;
				CLANG_WARN_EMPTY_BODY = YES;
				CLANG_WARN_ENUM_CONVERSION = YES;
				CLANG_WARN_INFINITE_RECURSION = YES;
				CLANG_WARN_INT_CONVERSION = YES;
				CLANG_WARN_NON_LITERAL_NULL_CONVERSION = YES;
				CLANG_WARN_OBJC_IMPLICIT_RETAIN_SELF = YES;
				CLANG_WARN_OBJC_LITERAL_CONVERSION = YES;
				CLANG_WARN_OBJC_ROOT_CLASS = YES_ERROR;
				CLANG_WARN_QUOTED_INCLUDE_IN_FRAMEWORK_HEADER = YES;
				CLANG_WARN_RANGE_LOOP_ANALYSIS = YES;
				CLANG_WARN_STRICT_PROTOTYPES = YES;
				CLANG_WARN_SUSPICIOUS_MOVE = YES;
				CLANG_WARN_UNGUARDED_AVAILABILITY = YES_AGGRESSIVE;
				CLANG_WARN_UNREACHABLE_CODE = YES;
				CLANG_WARN__DUPLICATE_METHOD_MATCH = YES;
				COPY_PHASE_STRIP = NO;
				DEBUG_INFORMATION_FORMAT = dwarf;
				ENABLE_STRICT_OBJC_MSGSEND = YES;
				ENABLE_TESTABILITY = YES;
				GCC_C_LANGUAGE_STANDARD = gnu11;
				GCC_DYNAMIC_NO_PIC = NO;
				GCC_NO_COMMON_BLOCKS = YES;
				GCC_OPTIMIZATION_LEVEL = 0;
				GCC_PREPROCESSOR_DEFINITIONS = (
					"DEBUG=1",
					"$(inherited)",
				);
				GCC_WARN_64_TO_32_BIT_CONVERSION = YES;
				GCC_WARN_ABOUT_RETURN_TYPE = YES_ERROR;
				GCC_WARN_UNDECLARED_SELECTOR = YES;
				GCC_WARN_UNINITIALIZED_AUTOS = YES_AGGRESSIVE;
				GCC_WARN_UNUSED_FUNCTION = YES;
				GCC_WARN_UNUSED_VARIABLE = YES;
				IPHONEOS_DEPLOYMENT_TARGET = 13.0;
				MTL_ENABLE_DEBUG_INFO = INCLUDE_SOURCE;
				MTL_FAST_MATH = YES;
				ONLY_ACTIVE_ARCH = YES;
				SDKROOT = iphoneos;
				SWIFT_ACTIVE_COMPILATION_CONDITIONS = DEBUG;
				SWIFT_OPTIMIZATION_LEVEL = "-Onone";
			};
			name = Debug;
		};
		BF61B4D925812D600033ACBC /* Release */ = {
			isa = XCBuildConfiguration;
			buildSettings = {
				ALWAYS_SEARCH_USER_PATHS = NO;
				CLANG_ANALYZER_NONNULL = YES;
				CLANG_ANALYZER_NUMBER_OBJECT_CONVERSION = YES_AGGRESSIVE;
				CLANG_CXX_LANGUAGE_STANDARD = "gnu++14";
				CLANG_CXX_LIBRARY = "libc++";
				CLANG_ENABLE_MODULES = YES;
				CLANG_ENABLE_OBJC_ARC = YES;
				CLANG_ENABLE_OBJC_WEAK = YES;
				CLANG_WARN_BLOCK_CAPTURE_AUTORELEASING = YES;
				CLANG_WARN_BOOL_CONVERSION = YES;
				CLANG_WARN_COMMA = YES;
				CLANG_WARN_CONSTANT_CONVERSION = YES;
				CLANG_WARN_DEPRECATED_OBJC_IMPLEMENTATIONS = YES;
				CLANG_WARN_DIRECT_OBJC_ISA_USAGE = YES_ERROR;
				CLANG_WARN_DOCUMENTATION_COMMENTS = YES;
				CLANG_WARN_EMPTY_BODY = YES;
				CLANG_WARN_ENUM_CONVERSION = YES;
				CLANG_WARN_INFINITE_RECURSION = YES;
				CLANG_WARN_INT_CONVERSION = YES;
				CLANG_WARN_NON_LITERAL_NULL_CONVERSION = YES;
				CLANG_WARN_OBJC_IMPLICIT_RETAIN_SELF = YES;
				CLANG_WARN_OBJC_LITERAL_CONVERSION = YES;
				CLANG_WARN_OBJC_ROOT_CLASS = YES_ERROR;
				CLANG_WARN_QUOTED_INCLUDE_IN_FRAMEWORK_HEADER = YES;
				CLANG_WARN_RANGE_LOOP_ANALYSIS = YES;
				CLANG_WARN_STRICT_PROTOTYPES = YES;
				CLANG_WARN_SUSPICIOUS_MOVE = YES;
				CLANG_WARN_UNGUARDED_AVAILABILITY = YES_AGGRESSIVE;
				CLANG_WARN_UNREACHABLE_CODE = YES;
				CLANG_WARN__DUPLICATE_METHOD_MATCH = YES;
				COPY_PHASE_STRIP = NO;
				DEBUG_INFORMATION_FORMAT = "dwarf-with-dsym";
				ENABLE_NS_ASSERTIONS = NO;
				ENABLE_STRICT_OBJC_MSGSEND = YES;
				GCC_C_LANGUAGE_STANDARD = gnu11;
				GCC_NO_COMMON_BLOCKS = YES;
				GCC_WARN_64_TO_32_BIT_CONVERSION = YES;
				GCC_WARN_ABOUT_RETURN_TYPE = YES_ERROR;
				GCC_WARN_UNDECLARED_SELECTOR = YES;
				GCC_WARN_UNINITIALIZED_AUTOS = YES_AGGRESSIVE;
				GCC_WARN_UNUSED_FUNCTION = YES;
				GCC_WARN_UNUSED_VARIABLE = YES;
				IPHONEOS_DEPLOYMENT_TARGET = 13.0;
				MTL_ENABLE_DEBUG_INFO = NO;
				MTL_FAST_MATH = YES;
				SDKROOT = iphoneos;
				SWIFT_COMPILATION_MODE = wholemodule;
				SWIFT_OPTIMIZATION_LEVEL = "-O";
				VALIDATE_PRODUCT = YES;
			};
			name = Release;
		};
		BF61B4DB25812D600033ACBC /* Debug */ = {
			isa = XCBuildConfiguration;
			buildSettings = {
				ASSETCATALOG_COMPILER_APPICON_NAME = AppIcon;
				ASSETCATALOG_COMPILER_GLOBAL_ACCENT_COLOR_NAME = AccentColor;
				CODE_SIGN_ENTITLEMENTS = VoirCam/VoirCam.entitlements;
				CODE_SIGN_STYLE = Automatic;
				DEVELOPMENT_ASSET_PATHS = "\"VoirCam/Preview Content\"";
				DEVELOPMENT_TEAM = HZQA4VJ5NY;
				ENABLE_PREVIEWS = YES;
				INFOPLIST_FILE = VoirCam/Info.plist;
				IPHONEOS_DEPLOYMENT_TARGET = 14.0;
				LD_RUNPATH_SEARCH_PATHS = (
					"$(inherited)",
					"@executable_path/Frameworks",
				);
				PRODUCT_BUNDLE_IDENTIFIER = com.ommy3d.ios;
				PRODUCT_NAME = "$(TARGET_NAME)";
				SUPPORTS_MACCATALYST = NO;
				SWIFT_VERSION = 5.0;
				TARGETED_DEVICE_FAMILY = "1,2";
			};
			name = Debug;
		};
		BF61B4DC25812D600033ACBC /* Release */ = {
			isa = XCBuildConfiguration;
			buildSettings = {
				ASSETCATALOG_COMPILER_APPICON_NAME = AppIcon;
				ASSETCATALOG_COMPILER_GLOBAL_ACCENT_COLOR_NAME = AccentColor;
				CODE_SIGN_ENTITLEMENTS = VoirCam/VoirCam.entitlements;
				CODE_SIGN_STYLE = Automatic;
				DEVELOPMENT_ASSET_PATHS = "\"VoirCam/Preview Content\"";
				DEVELOPMENT_TEAM = HZQA4VJ5NY;
				ENABLE_PREVIEWS = YES;
				INFOPLIST_FILE = VoirCam/Info.plist;
				IPHONEOS_DEPLOYMENT_TARGET = 14.0;
				LD_RUNPATH_SEARCH_PATHS = (
					"$(inherited)",
					"@executable_path/Frameworks",
				);
				PRODUCT_BUNDLE_IDENTIFIER = com.ommy3d.ios;
				PRODUCT_NAME = "$(TARGET_NAME)";
				SUPPORTS_MACCATALYST = NO;
				SWIFT_VERSION = 5.0;
				TARGETED_DEVICE_FAMILY = "1,2";
			};
			name = Release;
		};
/* End XCBuildConfiguration section */

/* Begin XCConfigurationList section */
		BF61B4C125812D5F0033ACBC /* Build configuration list for PBXProject "VoirCam" */ = {
			isa = XCConfigurationList;
			buildConfigurations = (
				BF61B4D825812D600033ACBC /* Debug */,
				BF61B4D925812D600033ACBC /* Release */,
			);
			defaultConfigurationIsVisible = 0;
			defaultConfigurationName = Release;
		};
		BF61B4DA25812D600033ACBC /* Build configuration list for PBXNativeTarget "VoirCam" */ = {
			isa = XCConfigurationList;
			buildConfigurations = (
				BF61B4DB25812D600033ACBC /* Debug */,
				BF61B4DC25812D600033ACBC /* Release */,
			);
			defaultConfigurationIsVisible = 0;
			defaultConfigurationName = Release;
		};
/* End XCConfigurationList section */

/* Begin XCSwiftPackageProductDependency section */
		BF13CA3D25D4736B00E3BF39 /* Firebase */ = {
			isa = XCSwiftPackageProductDependency;
			productName = Firebase;
		};
		BFCB23D025D1E1FB00A6C5CA /* Root */ = {
			isa = XCSwiftPackageProductDependency;
			productName = Root;
		};
/* End XCSwiftPackageProductDependency section */
	};
	rootObject = BF61B4BE25812D5F0033ACBC /* Project object */;
}
